
Microsoft Visual Studio Solution File, Format Version 12.00
# Visual Studio 15
VisualStudioVersion = 15.0.26403.0
MinimumVisualStudioVersion = 10.0.40219.1
Project("{FAE04EC0-301F-11D3-BF4B-00C04F79EFBC}") = "Zeroit.Framework.PictureBox", "Zeroit.Framework.PictureBox.csproj", "{1E1456BD-180F-4A99-90A3-8125B01D5090}"
EndProject
Global
	GlobalSection(SolutionConfigurationPlatforms) = preSolution
		Debug|Any CPU = Debug|Any CPU
		Release|Any CPU = Release|Any CPU
	EndGlobalSection
	GlobalSection(ProjectConfigurationPlatforms) = postSolution
		{1E1456BD-180F-4A99-90A3-8125B01D5090}.Debug|Any CPU.ActiveCfg = Debug|Any CPU
		{1E1456BD-180F-4A99-90A3-8125B01D5090}.Debug|Any CPU.Build.0 = Debug|Any CPU
		{1E1456BD-180F-4A99-90A3-8125B01D5090}.Release|Any CPU.ActiveCfg = Release|Any CPU
		{1E1456BD-180F-4A99-90A3-8125B01D5090}.Release|Any CPU.Build.0 = Release|Any CPU
	EndGlobalSection
	GlobalSection(SolutionProperties) = preSolution
		HideSolutionNode = FALSE
	EndGlobalSection
EndGlobal
